
Microsoft Visual Studio Solution File, Format Version 12.00
# Visual Studio Version 17
VisualStudioVersion = 17.5.002.0
MinimumVisualStudioVersion = 10.0.40219.1
Project("{9A19103F-16F7-4668-BE54-9A1E7A4F7556}") = "Lanchonete", "Lanchonete.csproj", "{92DFE36E-794F-4278-8A97-2DCD3A524026}"
EndProject
Global
	GlobalSection(SolutionConfigurationPlatforms) = preSolution
		Debug|Any CPU = Debug|Any CPU
		Release|Any CPU = Release|Any CPU
	EndGlobalSection
	GlobalSection(ProjectConfigurationPlatforms) = postSolution
		{92DFE36E-794F-4278-8A97-2DCD3A524026}.Debug|Any CPU.ActiveCfg = Debug|Any CPU
		{92DFE36E-794F-4278-8A97-2DCD3A524026}.Debug|Any CPU.Build.0 = Debug|Any CPU
		{92DFE36E-794F-4278-8A97-2DCD3A524026}.Release|Any CPU.ActiveCfg = Release|Any CPU
		{92DFE36E-794F-4278-8A97-2DCD3A524026}.Release|Any CPU.Build.0 = Release|Any CPU
	EndGlobalSection
	GlobalSection(SolutionProperties) = preSolution
		HideSolutionNode = FALSE
	EndGlobalSection
	GlobalSection(ExtensibilityGlobals) = postSolution
		SolutionGuid = {F108121A-40E6-42B2-94DE-37DF255143AF}
	EndGlobalSection
EndGlobal
